
Microsoft Visual Studio Solution File, Format Version 12.00
# Visual Studio 14
VisualStudioVersion = 14.0.23107.0
MinimumVisualStudioVersion = 10.0.40219.1
Project("{FAE04EC0-301F-11D3-BF4B-00C04F79EFBC}") = "XamlBrewer.UWP.MoonSharpSample", "XamlBrewer.UWP.MoonSharpSample\XamlBrewer.UWP.MoonSharpSample.csproj", "{25AD7EC7-FD9F-4668-BD19-7D6BE27C7ADC}"
EndProject
Global
	GlobalSection(SolutionConfigurationPlatforms) = preSolution
		Debug|ARM = Debug|ARM
		Debug|x64 = Debug|x64
		Debug|x86 = Debug|x86
		Release|ARM = Release|ARM
		Release|x64 = Release|x64
		Release|x86 = Release|x86
	EndGlobalSection
	GlobalSection(ProjectConfigurationPlatforms) = postSolution
		{25AD7EC7-FD9F-4668-BD19-7D6BE27C7ADC}.Debug|ARM.ActiveCfg = Debug|ARM
		{25AD7EC7-FD9F-4668-BD19-7D6BE27C7ADC}.Debug|ARM.Build.0 = Debug|ARM
		{25AD7EC7-FD9F-4668-BD19-7D6BE27C7ADC}.Debug|ARM.Deploy.0 = Debug|ARM
		{25AD7EC7-FD9F-4668-BD19-7D6BE27C7ADC}.Debug|x64.ActiveCfg = Debug|x64
		{25AD7EC7-FD9F-4668-BD19-7D6BE27C7ADC}.Debug|x64.Build.0 = Debug|x64
		{25AD7EC7-FD9F-4668-BD19-7D6BE27C7ADC}.Debug|x64.Deploy.0 = Debug|x64
		{25AD7EC7-FD9F-4668-BD19-7D6BE27C7ADC}.Debug|x86.ActiveCfg = Debug|x86
		{25AD7EC7-FD9F-4668-BD19-7D6BE27C7ADC}.Debug|x86.Build.0 = Debug|x86
		{25AD7EC7-FD9F-4668-BD19-7D6BE27C7ADC}.Debug|x86.Deploy.0 = Debug|x86
		{25AD7EC7-FD9F-4668-BD19-7D6BE27C7ADC}.Release|ARM.ActiveCfg = Release|ARM
		{25AD7EC7-FD9F-4668-BD19-7D6BE27C7ADC}.Release|ARM.Build.0 = Release|ARM
		{25AD7EC7-FD9F-4668-BD19-7D6BE27C7ADC}.Release|ARM.Deploy.0 = Release|ARM
		{25AD7EC7-FD9F-4668-BD19-7D6BE27C7ADC}.Release|x64.ActiveCfg = Release|x64
		{25AD7EC7-FD9F-4668-BD19-7D6BE27C7ADC}.Release|x64.Build.0 = Release|x64
		{25AD7EC7-FD9F-4668-BD19-7D6BE27C7ADC}.Release|x64.Deploy.0 = Release|x64
		{25AD7EC7-FD9F-4668-BD19-7D6BE27C7ADC}.Release|x86.ActiveCfg = Release|x86
		{25AD7EC7-FD9F-4668-BD19-7D6BE27C7ADC}.Release|x86.Build.0 = Release|x86
		{25AD7EC7-FD9F-4668-BD19-7D6BE27C7ADC}.Release|x86.Deploy.0 = Release|x86
	EndGlobalSection
	GlobalSection(SolutionProperties) = preSolution
		HideSolutionNode = FALSE
	EndGlobalSection
EndGlobal
